# This file is automatically @generated by Poetry 1.8.3 and should not be changed by hand.

[[package]]
name = "kafka-python"
version = "2.0.0"
description = "Pure Python client for Apache Kafka"
optional = false
python-versions = "*"
files = [
    {file = "kafka-python-2.0.0.tar.gz", hash = "sha256:111a90e54a56182b6b7c4818ee58f984cc427ad8f85fdff59faf45aaeacb51ea"},
    {file = "kafka_python-2.0.0-py2.py3-none-any.whl", hash = "sha256:53083c5c4d3a5b1f021c3c84ee4e772e5d0f7db559f623d8f02432b9a5e87264"},
]

[metadata]
lock-version = "2.0"
python-versions = "^3.10"
content-hash = "5e40799014ce4738937ca277f313222b560a00e54973ef9d3f35d6fb3eb80bc2"
